
Microsoft Visual Studio Solution File, Format Version 12.00
# Visual Studio Version 17
VisualStudioVersion = 17.12.35506.116 d17.12
MinimumVisualStudioVersion = 10.0.40219.1
Project("{FAE04EC0-301F-11D3-BF4B-00C04F79EFBC}") = "Unit Test Enemy", "Unit Test Enemy.csproj", "{7E81E6CE-1257-4456-9A8F-63112B49D49C}"
EndProject
Project("{FAE04EC0-301F-11D3-BF4B-00C04F79EFBC}") = "Enemy spawn", "..\Enemy spawn\Enemy spawn.csproj", "{7AD07A80-F051-4174-9F6C-A278211C46C2}"
EndProject
Global
	GlobalSection(SolutionConfigurationPlatforms) = preSolution
		Debug|Any CPU = Debug|Any CPU
		Release|Any CPU = Release|Any CPU
	EndGlobalSection
	GlobalSection(ProjectConfigurationPlatforms) = postSolution
		{7E81E6CE-1257-4456-9A8F-63112B49D49C}.Debug|Any CPU.ActiveCfg = Debug|Any CPU
		{7E81E6CE-1257-4456-9A8F-63112B49D49C}.Debug|Any CPU.Build.0 = Debug|Any CPU
		{7E81E6CE-1257-4456-9A8F-63112B49D49C}.Release|Any CPU.ActiveCfg = Release|Any CPU
		{7E81E6CE-1257-4456-9A8F-63112B49D49C}.Release|Any CPU.Build.0 = Release|Any CPU
		{7AD07A80-F051-4174-9F6C-A278211C46C2}.Debug|Any CPU.ActiveCfg = Debug|Any CPU
		{7AD07A80-F051-4174-9F6C-A278211C46C2}.Debug|Any CPU.Build.0 = Debug|Any CPU
		{7AD07A80-F051-4174-9F6C-A278211C46C2}.Release|Any CPU.ActiveCfg = Release|Any CPU
		{7AD07A80-F051-4174-9F6C-A278211C46C2}.Release|Any CPU.Build.0 = Release|Any CPU
	EndGlobalSection
	GlobalSection(SolutionProperties) = preSolution
		HideSolutionNode = FALSE
	EndGlobalSection
EndGlobal
